{
  "lockfileVersion": 1,
  "workspaces": {
    "": {
      "name": "@shunkakinoki/rules",
      "devDependencies": {
        "@biomejs/biome": "2.0.5",
        "@intellectronica/ruler": "^0.2.19",
        "lefthook": "^1.12.3",
      },
    },
  },
  "packages": {
    "@biomejs/biome": ["@biomejs/biome@2.0.5", "", { "optionalDependencies": { "@biomejs/cli-darwin-arm64": "2.0.5", "@biomejs/cli-darwin-x64": "2.0.5", "@biomejs/cli-linux-arm64": "2.0.5", "@biomejs/cli-linux-arm64-musl": "2.0.5", "@biomejs/cli-linux-x64": "2.0.5", "@biomejs/cli-linux-x64-musl": "2.0.5", "@biomejs/cli-win32-arm64": "2.0.5", "@biomejs/cli-win32-x64": "2.0.5" }, "bin": { "biome": "bin/biome" } }, "sha512-MztFGhE6cVjf3QmomWu83GpTFyWY8KIcskgRf2AqVEMSH4qI4rNdBLdpAQ11TNK9pUfLGz3IIOC1ZYwgBePtig=="],

    "@biomejs/cli-darwin-arm64": ["@biomejs/cli-darwin-arm64@2.0.5", "", { "os": "darwin", "cpu": "arm64" }, "sha512-VIIWQv9Rcj9XresjCf3isBFfWjFStsdGZvm8SmwJzKs/22YQj167ge7DkxuaaZbNf2kmYif0AcjAKvtNedEoEw=="],

    "@biomejs/cli-darwin-x64": ["@biomejs/cli-darwin-x64@2.0.5", "", { "os": "darwin", "cpu": "x64" }, "sha512-DRpGxBgf5Z7HUFcNUB6n66UiD4VlBlMpngNf32wPraxX8vYU6N9cb3xQWOXIQVBBQ64QfsSLJnjNu79i/LNmSg=="],

    "@biomejs/cli-linux-arm64": ["@biomejs/cli-linux-arm64@2.0.5", "", { "os": "linux", "cpu": "arm64" }, "sha512-FQTfDNMXOknf8+g9Eede2daaduRjTC2SNbfWPNFMadN9K3UKjeZ62jwiYxztPaz9zQQsZU8VbddQIaeQY5CmIA=="],

    "@biomejs/cli-linux-arm64-musl": ["@biomejs/cli-linux-arm64-musl@2.0.5", "", { "os": "linux", "cpu": "arm64" }, "sha512-OpflTCOw/ElEs7QZqN/HFaSViPHjAsAPxFJ22LhWUWvuJgcy/Z8+hRV0/3mk/ZRWy5A6fCDKHZqAxU+xB6W4mA=="],

    "@biomejs/cli-linux-x64": ["@biomejs/cli-linux-x64@2.0.5", "", { "os": "linux", "cpu": "x64" }, "sha512-znpfydUDPuDkyBTulnODrQVK2FaG/4hIOPcQSsF2GeauQOYrBAOplj0etGB0NUrr0dFsvaQ15nzDXYb60ACoiw=="],

    "@biomejs/cli-linux-x64-musl": ["@biomejs/cli-linux-x64-musl@2.0.5", "", { "os": "linux", "cpu": "x64" }, "sha512-9lmjCnajAzpZXbav2P6D87ugkhnaDpJtDvOH5uQbY2RXeW6Rq18uOUltxgacGBP+d8GusTr+s3IFOu7SN0Ok8g=="],

    "@biomejs/cli-win32-arm64": ["@biomejs/cli-win32-arm64@2.0.5", "", { "os": "win32", "cpu": "arm64" }, "sha512-CP2wKQB+gh8HdJTFKYRFETqReAjxlcN9AlYDEoye8v2eQp+L9v+PUeDql/wsbaUhSsLR0sjj3PtbBtt+02AN3A=="],

    "@biomejs/cli-win32-x64": ["@biomejs/cli-win32-x64@2.0.5", "", { "os": "win32", "cpu": "x64" }, "sha512-Sw3rz2m6bBADeQpr3+MD7Ch4E1l15DTt/+dfqKnwkm3cn4BrYwnArmvKeZdVsFRDjMyjlKIP88bw1r7o+9aqzw=="],

    "@iarna/toml": ["@iarna/toml@2.2.5", "", {}, "sha512-trnsAYxU3xnS1gPHPyU961coFyLkh4gAD/0zQ5mymY4yOZ+CYvsPqUbOFSw0aDM4y0tV7tiFxL/1XfXPNC6IPg=="],

    "@intellectronica/ruler": ["@intellectronica/ruler@0.2.19", "", { "dependencies": { "@iarna/toml": "^2.2.5", "js-yaml": "^4.1.0", "toml": "^3.0.0", "yargs": "^17.7.2", "zod": "^3.25.28" }, "bin": { "ruler": "dist/cli/index.js" } }, "sha512-KqNtLyeTy+coEMRxlIrSh8C3VHr3dZlbdDQH4fkwBBn0oV+B5sD1kERF9eLhizvtSkdepFMT0ImRbG8BhMliVw=="],

    "ansi-regex": ["ansi-regex@5.0.1", "", {}, "sha512-quJQXlTSUGL2LH9SUXo8VwsY4soanhgo6LNSm84E1LBcE8s3O0wpdiRzyR9z/ZZJMlMWv37qOOb9pdJlMUEKFQ=="],

    "ansi-styles": ["ansi-styles@4.3.0", "", { "dependencies": { "color-convert": "^2.0.1" } }, "sha512-zbB9rCJAT1rbjiVDb2hqKFHNYLxgtk8NURxZ3IZwD3F6NtxbXZQCnnSi1Lkx+IDohdPlFp222wVALIheZJQSEg=="],

    "argparse": ["argparse@2.0.1", "", {}, "sha512-8+9WqebbFzpX9OR+Wa6O29asIogeRMzcGtAINdpMHHyAg10f05aSFVBbcEqGf/PXw1EjAZ+q2/bEBg3DvurK3Q=="],

    "cliui": ["cliui@8.0.1", "", { "dependencies": { "string-width": "^4.2.0", "strip-ansi": "^6.0.1", "wrap-ansi": "^7.0.0" } }, "sha512-BSeNnyus75C4//NQ9gQt1/csTXyo/8Sb+afLAkzAptFuMsod9HFokGNudZpi/oQV73hnVK+sR+5PVRMd+Dr7YQ=="],

    "color-convert": ["color-convert@2.0.1", "", { "dependencies": { "color-name": "~1.1.4" } }, "sha512-RRECPsj7iu/xb5oKYcsFHSppFNnsj/52OVTRKb4zP5onXwVF3zVmmToNcOfGC+CRDpfK/U584fMg38ZHCaElKQ=="],

    "color-name": ["color-name@1.1.4", "", {}, "sha512-dOy+3AuW3a2wNbZHIuMZpTcgjGuLU/uBL/ubcZF9OXbDo8ff4O8yVp5Bf0efS8uEoYo5q4Fx7dY9OgQGXgAsQA=="],

    "emoji-regex": ["emoji-regex@8.0.0", "", {}, "sha512-MSjYzcWNOA0ewAHpz0MxpYFvwg6yjy1NG3xteoqz644VCo/RPgnr1/GGt+ic3iJTzQ8Eu3TdM14SawnVUmGE6A=="],

    "escalade": ["escalade@3.2.0", "", {}, "sha512-WUj2qlxaQtO4g6Pq5c29GTcWGDyd8itL8zTlipgECz3JesAiiOKotd8JU6otB3PACgG6xkJUyVhboMS+bje/jA=="],

    "get-caller-file": ["get-caller-file@2.0.5", "", {}, "sha512-DyFP3BM/3YHTQOCUL/w0OZHR0lpKeGrxotcHWcqNEdnltqFwXVfhEBQ94eIo34AfQpo0rGki4cyIiftY06h2Fg=="],

    "is-fullwidth-code-point": ["is-fullwidth-code-point@3.0.0", "", {}, "sha512-zymm5+u+sCsSWyD9qNaejV3DFvhCKclKdizYaJUuHA83RLjb7nSuGnddCHGv0hk+KY7BMAlsWeK4Ueg6EV6XQg=="],

    "js-yaml": ["js-yaml@4.1.0", "", { "dependencies": { "argparse": "^2.0.1" }, "bin": { "js-yaml": "bin/js-yaml.js" } }, "sha512-wpxZs9NoxZaJESJGIZTyDEaYpl0FKSA+FB9aJiyemKhMwkxQg63h4T1KJgUGHpTqPDNRcmmYLugrRjJlBtWvRA=="],

    "lefthook": ["lefthook@1.13.1", "", { "optionalDependencies": { "lefthook-darwin-arm64": "1.13.1", "lefthook-darwin-x64": "1.13.1", "lefthook-freebsd-arm64": "1.13.1", "lefthook-freebsd-x64": "1.13.1", "lefthook-linux-arm64": "1.13.1", "lefthook-linux-x64": "1.13.1", "lefthook-openbsd-arm64": "1.13.1", "lefthook-openbsd-x64": "1.13.1", "lefthook-windows-arm64": "1.13.1", "lefthook-windows-x64": "1.13.1" }, "bin": { "lefthook": "bin/index.js" } }, "sha512-zPtBnDI86o2Xoe61tr+0r8ebLVek/aEKF77gA+V5C7zi4Of1CY6FFHx0Gzazzj9JfTCq9SWtUv1halWSWMPAQQ=="],

    "lefthook-darwin-arm64": ["lefthook-darwin-arm64@1.13.1", "", { "os": "darwin", "cpu": "arm64" }, "sha512-bMD34zeaKTtA5DAAIs910bUN5agCsZbzIwPnqA5Zvbm9igvbCkRerc5bAOCYcMUzleXA54g5hdDnDNwSwAo+JQ=="],

    "lefthook-darwin-x64": ["lefthook-darwin-x64@1.13.1", "", { "os": "darwin", "cpu": "x64" }, "sha512-eOv25Scxxu/dgWg/o0QkIMcYHmBrL6ffozeHRDHUC2N0n0eAvp9FpexoJ+Mm7+VQVPCnQumjIvyUNLRqlEAcyg=="],

    "lefthook-freebsd-arm64": ["lefthook-freebsd-arm64@1.13.1", "", { "os": "freebsd", "cpu": "arm64" }, "sha512-Hzw2E+zX1/GseCrJS1b1i9oj6JhM2+MFOysCUmMYl8x0yDphxepJXr3wH8bNXENtuVN0Om1IWdZC+6p6+ZY8zw=="],

    "lefthook-freebsd-x64": ["lefthook-freebsd-x64@1.13.1", "", { "os": "freebsd", "cpu": "x64" }, "sha512-H1T4A6auTBEQY0uWh5E7LDTPa5I9ALfubNHVsiE3XzwRjwu3PazCY9zPCTbdI8ww9JOV6T9A7Mow2GewoHWBUQ=="],

    "lefthook-linux-arm64": ["lefthook-linux-arm64@1.13.1", "", { "os": "linux", "cpu": "arm64" }, "sha512-3vNxmRma1ykaG+rpxjKytvxSj6Kl9f/W19Qjdi+BFVu2LueMY5AGPs1oXpDjled7Y7c3WL4XLtQ+xPFHl8z9Sw=="],

    "lefthook-linux-x64": ["lefthook-linux-x64@1.13.1", "", { "os": "linux", "cpu": "x64" }, "sha512-vitul4TY/4RCiH90XDcWZT/XItfHeCuzlt/Ex3dF2ZToEgXzQti8qWG1i9QhSaunu0X/7KIWLlHV9q5uymNBsQ=="],

    "lefthook-openbsd-arm64": ["lefthook-openbsd-arm64@1.13.1", "", { "os": "openbsd", "cpu": "arm64" }, "sha512-3TDbaxWiqDuA6a+IuAOh64CiTsyVsnTgQDF8u+STH81RYs70a1g2XHKRGxPMhJMLigy7TEk5z3FUkiKw4pofWQ=="],

    "lefthook-openbsd-x64": ["lefthook-openbsd-x64@1.13.1", "", { "os": "openbsd", "cpu": "x64" }, "sha512-0mP/wtzdPliwRHQNPSCYbIc+6KCWLNWp/HHRCpurwrWJ6z4mab3ctemghhTkHj+0ZDSO0kM66Awygq86JnOwIA=="],

    "lefthook-windows-arm64": ["lefthook-windows-arm64@1.13.1", "", { "os": "win32", "cpu": "arm64" }, "sha512-6wrUZOC1SGsp9riO3dILPzoMkjOSpYIyojbU+jUdlMwCfSMGR5jrFlzRTEyrEoawFhGk3+KnFPYbOdlp8LWPkw=="],

    "lefthook-windows-x64": ["lefthook-windows-x64@1.13.1", "", { "os": "win32", "cpu": "x64" }, "sha512-K/abjvUqtazOjXtrqKz+O+J+D/lZqvrjuWO9gLCbDKbzV13IwqvE+eIJ7TXCAwqp3/MN2r2pwpL83t17fxshBA=="],

    "require-directory": ["require-directory@2.1.1", "", {}, "sha512-fGxEI7+wsG9xrvdjsrlmL22OMTTiHRwAMroiEeMgq8gzoLC/PQr7RsRDSTLUg/bZAZtF+TVIkHc6/4RIKrui+Q=="],

    "string-width": ["string-width@4.2.3", "", { "dependencies": { "emoji-regex": "^8.0.0", "is-fullwidth-code-point": "^3.0.0", "strip-ansi": "^6.0.1" } }, "sha512-wKyQRQpjJ0sIp62ErSZdGsjMJWsap5oRNihHhu6G7JVO/9jIB6UyevL+tXuOqrng8j/cxKTWyWUwvSTriiZz/g=="],

    "strip-ansi": ["strip-ansi@6.0.1", "", { "dependencies": { "ansi-regex": "^5.0.1" } }, "sha512-Y38VPSHcqkFrCpFnQ9vuSXmquuv5oXOKpGeT6aGrr3o3Gc9AlVa6JBfUSOCnbxGGZF+/0ooI7KrPuUSztUdU5A=="],

    "toml": ["toml@3.0.0", "", {}, "sha512-y/mWCZinnvxjTKYhJ+pYxwD0mRLVvOtdS2Awbgxln6iEnt4rk0yBxeSBHkGJcPucRiG0e55mwWp+g/05rsrd6w=="],

    "wrap-ansi": ["wrap-ansi@7.0.0", "", { "dependencies": { "ansi-styles": "^4.0.0", "string-width": "^4.1.0", "strip-ansi": "^6.0.0" } }, "sha512-YVGIj2kamLSTxw6NsZjoBxfSwsn0ycdesmc4p+Q21c5zPuZ1pl+NfxVdxPtdHvmNVOQ6XSYG4AUtyt/Fi7D16Q=="],

    "y18n": ["y18n@5.0.8", "", {}, "sha512-0pfFzegeDWJHJIAmTLRP2DwHjdF5s7jo9tuztdQxAhINCdvS+3nGINqPd00AphqJR/0LhANUS6/+7SCb98YOfA=="],

    "yargs": ["yargs@17.7.2", "", { "dependencies": { "cliui": "^8.0.1", "escalade": "^3.1.1", "get-caller-file": "^2.0.5", "require-directory": "^2.1.1", "string-width": "^4.2.3", "y18n": "^5.0.5", "yargs-parser": "^21.1.1" } }, "sha512-7dSzzRQ++CKnNI/krKnYRV7JKKPUXMEh61soaHKg9mrWEhzFWhFnxPxGl+69cD1Ou63C13NUPCnmIcrvqCuM6w=="],

    "yargs-parser": ["yargs-parser@21.1.1", "", {}, "sha512-tVpsJW7DdjecAiFpbIB1e3qxIQsE6NoPc5/eTdrbbIC4h0LVsWhnoa3g+m2HclBIujHzsxZ4VJVA+GUuc2/LBw=="],

    "zod": ["zod@3.25.76", "", {}, "sha512-gzUt/qt81nXsFGKIFcC3YnfEAx5NkunCfnDlvuBSSFS02bcXu4Lmea0AFIUwbLWxWPx3d9p8S5QoaujKcNQxcQ=="],
  }
}
